// !$*UTF8*$!
{
	archiveVersion = 1;
	classes = {
	};
	objectVersion = 42;
	objects = {

/* Begin PBXBuildFile section */
		8D1AC9700486D14A00FE50C9 /* Cocoa.framework in Frameworks */ = {isa = PBXBuildFile; fileRef = DD92D38A0106425D02CA0E72 /* Cocoa.framework */; };
		BBF5817C0B1D9D84003CFF55 /* RemoteHostsAction.m in Sources */ = {isa = PBXBuildFile; fileRef = BBF5817B0B1D9D84003CFF55 /* RemoteHostsAction.m */; };
		BBF581840B1D9DC3003CFF55 /* RemoteHostsSource.m in Sources */ = {isa = PBXBuildFile; fileRef = BBF581830B1D9DC3003CFF55 /* RemoteHostsSource.m */; };
		D44D8099149A467C002EA077 /* Common.xcconfig in Resources */ = {isa = PBXBuildFile; fileRef = D44D8091149A467C002EA077 /* Common.xcconfig */; };
		D44D809A149A467C002EA077 /* Debug.xcconfig in Resources */ = {isa = PBXBuildFile; fileRef = D44D8092149A467C002EA077 /* Debug.xcconfig */; };
		D44D809B149A467C002EA077 /* Developer.xcconfig in Resources */ = {isa = PBXBuildFile; fileRef = D44D8093149A467C002EA077 /* Developer.xcconfig */; };
		D44D809C149A467C002EA077 /* QSPlugIn.xcconfig in Resources */ = {isa = PBXBuildFile; fileRef = D44D8094149A467C002EA077 /* QSPlugIn.xcconfig */; };
		D44D809D149A467C002EA077 /* QSPlugIn_Debug.xcconfig in Resources */ = {isa = PBXBuildFile; fileRef = D44D8095149A467C002EA077 /* QSPlugIn_Debug.xcconfig */; };
		D44D809E149A467C002EA077 /* QSPlugIn_Release.xcconfig in Resources */ = {isa = PBXBuildFile; fileRef = D44D8096149A467C002EA077 /* QSPlugIn_Release.xcconfig */; };
		D44D809F149A467C002EA077 /* Release.xcconfig in Resources */ = {isa = PBXBuildFile; fileRef = D44D8098149A467C002EA077 /* Release.xcconfig */; };
		D44D80B7149A4CC4002EA077 /* QSCore.framework in Frameworks */ = {isa = PBXBuildFile; fileRef = D44D80B5149A4CC4002EA077 /* QSCore.framework */; };
		D44D80B8149A4CC4002EA077 /* QSFoundation.framework in Frameworks */ = {isa = PBXBuildFile; fileRef = D44D80B6149A4CC4002EA077 /* QSFoundation.framework */; };
		D461350115013163001B0814 /* QSRemoteHostsSource.xib in Resources */ = {isa = PBXBuildFile; fileRef = D461350015013163001B0814 /* QSRemoteHostsSource.xib */; };
		D4A4D7CD15094C8100A44C3C /* QSObjectSource.name.strings in Resources */ = {isa = PBXBuildFile; fileRef = D4A4D7CC15094C8100A44C3C /* QSObjectSource.name.strings */; };
		D4E8AC3F150108A4006B2D89 /* RemoteHostsPrefPane.xib in Resources */ = {isa = PBXBuildFile; fileRef = D4E8AC3E150108A4006B2D89 /* RemoteHostsPrefPane.xib */; };
		D4E8AC4215010C22006B2D89 /* RemoteHostsPrefPane.m in Sources */ = {isa = PBXBuildFile; fileRef = D4E8AC4115010C22006B2D89 /* RemoteHostsPrefPane.m */; };
		D4E8AC4415010F39006B2D89 /* QSInterface.framework in Frameworks */ = {isa = PBXBuildFile; fileRef = D4E8AC4315010F39006B2D89 /* QSInterface.framework */; };
		E1EAB046068128A200774DFF /* RemoteHosts.m in Sources */ = {isa = PBXBuildFile; fileRef = E1EAB045068128A200774DFF /* RemoteHosts.m */; };
/* End PBXBuildFile section */

/* Begin PBXFileReference section */
		32DBCF980370C29C00C91783 /* RemoteHosts_Prefix.pch */ = {isa = PBXFileReference; fileEncoding = 4; lastKnownFileType = sourcecode.c.h; path = RemoteHosts_Prefix.pch; sourceTree = "<group>"; };
		8D1AC9730486D14A00FE50C9 /* Info.plist */ = {isa = PBXFileReference; fileEncoding = 4; lastKnownFileType = text.plist; path = Info.plist; sourceTree = "<group>"; };
		8D1AC9740486D14A00FE50C9 /* RemoteHosts.qsplugin */ = {isa = PBXFileReference; explicitFileType = wrapper.cfbundle; includeInIndex = 0; path = RemoteHosts.qsplugin; sourceTree = BUILT_PRODUCTS_DIR; };
		BBF5817A0B1D9D84003CFF55 /* RemoteHostsAction.h */ = {isa = PBXFileReference; fileEncoding = 4; lastKnownFileType = sourcecode.c.h; path = RemoteHostsAction.h; sourceTree = "<group>"; };
		BBF5817B0B1D9D84003CFF55 /* RemoteHostsAction.m */ = {isa = PBXFileReference; fileEncoding = 4; lastKnownFileType = sourcecode.c.objc; path = RemoteHostsAction.m; sourceTree = "<group>"; };
		BBF581820B1D9DC3003CFF55 /* RemoteHostsSource.h */ = {isa = PBXFileReference; fileEncoding = 4; lastKnownFileType = sourcecode.c.h; path = RemoteHostsSource.h; sourceTree = "<group>"; };
		BBF581830B1D9DC3003CFF55 /* RemoteHostsSource.m */ = {isa = PBXFileReference; fileEncoding = 4; lastKnownFileType = sourcecode.c.objc; path = RemoteHostsSource.m; sourceTree = "<group>"; };
		D44D8091149A467C002EA077 /* Common.xcconfig */ = {isa = PBXFileReference; fileEncoding = 4; lastKnownFileType = text.xcconfig; name = Common.xcconfig; path = /private/tmp/QS/Configuration/Common.xcconfig; sourceTree = "<absolute>"; };
		D44D8092149A467C002EA077 /* Debug.xcconfig */ = {isa = PBXFileReference; fileEncoding = 4; lastKnownFileType = text.xcconfig; name = Debug.xcconfig; path = /private/tmp/QS/Configuration/Debug.xcconfig; sourceTree = "<absolute>"; };
		D44D8093149A467C002EA077 /* Developer.xcconfig */ = {isa = PBXFileReference; fileEncoding = 4; lastKnownFileType = text.xcconfig; name = Developer.xcconfig; path = /private/tmp/QS/Configuration/Developer.xcconfig; sourceTree = "<absolute>"; };
		D44D8094149A467C002EA077 /* QSPlugIn.xcconfig */ = {isa = PBXFileReference; fileEncoding = 4; lastKnownFileType = text.xcconfig; name = QSPlugIn.xcconfig; path = /private/tmp/QS/Configuration/QSPlugIn.xcconfig; sourceTree = "<absolute>"; };
		D44D8095149A467C002EA077 /* QSPlugIn_Debug.xcconfig */ = {isa = PBXFileReference; fileEncoding = 4; lastKnownFileType = text.xcconfig; name = QSPlugIn_Debug.xcconfig; path = /private/tmp/QS/Configuration/QSPlugIn_Debug.xcconfig; sourceTree = "<absolute>"; };
		D44D8096149A467C002EA077 /* QSPlugIn_Release.xcconfig */ = {isa = PBXFileReference; fileEncoding = 4; lastKnownFileType = text.xcconfig; name = QSPlugIn_Release.xcconfig; path = /private/tmp/QS/Configuration/QSPlugIn_Release.xcconfig; sourceTree = "<absolute>"; };
		D44D8097149A467C002EA077 /* Quicksilver.pch */ = {isa = PBXFileReference; fileEncoding = 4; lastKnownFileType = sourcecode.c.h; name = Quicksilver.pch; path = /private/tmp/QS/Configuration/Quicksilver.pch; sourceTree = "<absolute>"; };
		D44D8098149A467C002EA077 /* Release.xcconfig */ = {isa = PBXFileReference; fileEncoding = 4; lastKnownFileType = text.xcconfig; name = Release.xcconfig; path = /private/tmp/QS/Configuration/Release.xcconfig; sourceTree = "<absolute>"; };
		D44D80B5149A4CC4002EA077 /* QSCore.framework */ = {isa = PBXFileReference; lastKnownFileType = wrapper.framework; path = QSCore.framework; sourceTree = BUILT_PRODUCTS_DIR; };
		D44D80B6149A4CC4002EA077 /* QSFoundation.framework */ = {isa = PBXFileReference; lastKnownFileType = wrapper.framework; path = QSFoundation.framework; sourceTree = BUILT_PRODUCTS_DIR; };
		D461350015013163001B0814 /* QSRemoteHostsSource.xib */ = {isa = PBXFileReference; fileEncoding = 4; lastKnownFileType = file.xib; path = QSRemoteHostsSource.xib; sourceTree = "<group>"; };
		D4A4D7CC15094C8100A44C3C /* QSObjectSource.name.strings */ = {isa = PBXFileReference; fileEncoding = 4; lastKnownFileType = text.plist.strings; path = QSObjectSource.name.strings; sourceTree = "<group>"; };
		D4E8AC3E150108A4006B2D89 /* RemoteHostsPrefPane.xib */ = {isa = PBXFileReference; fileEncoding = 4; lastKnownFileType = file.xib; path = RemoteHostsPrefPane.xib; sourceTree = "<group>"; };
		D4E8AC4015010C22006B2D89 /* RemoteHostsPrefPane.h */ = {isa = PBXFileReference; fileEncoding = 4; lastKnownFileType = sourcecode.c.h; path = RemoteHostsPrefPane.h; sourceTree = "<group>"; };
		D4E8AC4115010C22006B2D89 /* RemoteHostsPrefPane.m */ = {isa = PBXFileReference; fileEncoding = 4; lastKnownFileType = sourcecode.c.objc; path = RemoteHostsPrefPane.m; sourceTree = "<group>"; };
		D4E8AC4315010F39006B2D89 /* QSInterface.framework */ = {isa = PBXFileReference; lastKnownFileType = wrapper.framework; path = QSInterface.framework; sourceTree = BUILT_PRODUCTS_DIR; };
		DD92D38A0106425D02CA0E72 /* Cocoa.framework */ = {isa = PBXFileReference; lastKnownFileType = wrapper.framework; name = Cocoa.framework; path = /System/Library/Frameworks/Cocoa.framework; sourceTree = "<absolute>"; };
		E1EAB045068128A200774DFF /* RemoteHosts.m */ = {isa = PBXFileReference; fileEncoding = 30; lastKnownFileType = sourcecode.c.objc; path = RemoteHosts.m; sourceTree = "<group>"; };
		E1EAB047068128A800774DFF /* RemoteHosts.h */ = {isa = PBXFileReference; fileEncoding = 30; lastKnownFileType = sourcecode.c.h; path = RemoteHosts.h; sourceTree = "<group>"; };
/* End PBXFileReference section */

/* Begin PBXFrameworksBuildPhase section */
		8D1AC96E0486D14A00FE50C9 /* Frameworks */ = {
			isa = PBXFrameworksBuildPhase;
			buildActionMask = 2147483647;
			files = (
				D4E8AC4415010F39006B2D89 /* QSInterface.framework in Frameworks */,
				D44D80B7149A4CC4002EA077 /* QSCore.framework in Frameworks */,
				D44D80B8149A4CC4002EA077 /* QSFoundation.framework in Frameworks */,
				8D1AC9700486D14A00FE50C9 /* Cocoa.framework in Frameworks */,
			);
			runOnlyForDeploymentPostprocessing = 0;
		};
/* End PBXFrameworksBuildPhase section */

/* Begin PBXGroup section */
		0259C574FE90428111CA0C5A /* RemoteHosts */ = {
			isa = PBXGroup;
			children = (
				D44D8090149A467C002EA077 /* Configuration */,
				32DBCF9E0370C38000C91783 /* Classes */,
				32DBCF9F0370C38200C91783 /* Other Sources */,
				0259C582FE90428111CA0C5A /* Resources */,
				1ED78706FE9D4A0611CA0C5A /* Products */,
				2E58F364FFB232C311CA0CBA /* Frameworks */,
			);
			name = RemoteHosts;
			sourceTree = "<group>";
		};
		0259C582FE90428111CA0C5A /* Resources */ = {
			isa = PBXGroup;
			children = (
				D4A4D7CC15094C8100A44C3C /* QSObjectSource.name.strings */,
				8D1AC9730486D14A00FE50C9 /* Info.plist */,
				D4E8AC3E150108A4006B2D89 /* RemoteHostsPrefPane.xib */,
				D461350015013163001B0814 /* QSRemoteHostsSource.xib */,
			);
			name = Resources;
			sourceTree = "<group>";
		};
		1ED78706FE9D4A0611CA0C5A /* Products */ = {
			isa = PBXGroup;
			children = (
				8D1AC9740486D14A00FE50C9 /* RemoteHosts.qsplugin */,
			);
			name = Products;
			sourceTree = "<group>";
		};
		2E58F364FFB232C311CA0CBA /* Frameworks */ = {
			isa = PBXGroup;
			children = (
				D4E8AC4315010F39006B2D89 /* QSInterface.framework */,
				D44D80B5149A4CC4002EA077 /* QSCore.framework */,
				D44D80B6149A4CC4002EA077 /* QSFoundation.framework */,
				DD92D38A0106425D02CA0E72 /* Cocoa.framework */,
			);
			name = Frameworks;
			sourceTree = "<group>";
		};
		32DBCF9E0370C38000C91783 /* Classes */ = {
			isa = PBXGroup;
			children = (
				BBF5817A0B1D9D84003CFF55 /* RemoteHostsAction.h */,
				BBF5817B0B1D9D84003CFF55 /* RemoteHostsAction.m */,
				E1EAB047068128A800774DFF /* RemoteHosts.h */,
				E1EAB045068128A200774DFF /* RemoteHosts.m */,
				BBF581820B1D9DC3003CFF55 /* RemoteHostsSource.h */,
				BBF581830B1D9DC3003CFF55 /* RemoteHostsSource.m */,
				D4E8AC4015010C22006B2D89 /* RemoteHostsPrefPane.h */,
				D4E8AC4115010C22006B2D89 /* RemoteHostsPrefPane.m */,
			);
			name = Classes;
			sourceTree = "<group>";
		};
		32DBCF9F0370C38200C91783 /* Other Sources */ = {
			isa = PBXGroup;
			children = (
				32DBCF980370C29C00C91783 /* RemoteHosts_Prefix.pch */,
			);
			name = "Other Sources";
			sourceTree = "<group>";
		};
		D44D8090149A467C002EA077 /* Configuration */ = {
			isa = PBXGroup;
			children = (
				D44D8091149A467C002EA077 /* Common.xcconfig */,
				D44D8092149A467C002EA077 /* Debug.xcconfig */,
				D44D8093149A467C002EA077 /* Developer.xcconfig */,
				D44D8094149A467C002EA077 /* QSPlugIn.xcconfig */,
				D44D8095149A467C002EA077 /* QSPlugIn_Debug.xcconfig */,
				D44D8096149A467C002EA077 /* QSPlugIn_Release.xcconfig */,
				D44D8097149A467C002EA077 /* Quicksilver.pch */,
				D44D8098149A467C002EA077 /* Release.xcconfig */,
			);
			name = Configuration;
			path = ../../../../../../private/tmp/QS/Configuration;
			sourceTree = "<group>";
		};
/* End PBXGroup section */

/* Begin PBXNativeTarget section */
		8D1AC9600486D14A00FE50C9 /* RemoteHosts */ = {
			isa = PBXNativeTarget;
			buildConfigurationList = 7F6B3EEB085CE8DF000735A8 /* Build configuration list for PBXNativeTarget "RemoteHosts" */;
			buildPhases = (
				8D1AC9660486D14A00FE50C9 /* Resources */,
				8D1AC96A0486D14A00FE50C9 /* Sources */,
				8D1AC96E0486D14A00FE50C9 /* Frameworks */,
				E1022B2806B3475D00299BEC /* ShellScript */,
			);
			buildRules = (
			);
			dependencies = (
			);
			name = RemoteHosts;
			productInstallPath = "$(HOME)/Developer/Palettes";
			productName = RemoteHosts;
			productReference = 8D1AC9740486D14A00FE50C9 /* RemoteHosts.qsplugin */;
			productType = "com.apple.product-type.bundle";
		};
/* End PBXNativeTarget section */

/* Begin PBXProject section */
		0259C573FE90428111CA0C5A /* Project object */ = {
			isa = PBXProject;
			attributes = {
				BuildIndependentTargetsInParallel = NO;
				ORGANIZATIONNAME = "Skurfers' Alliance";
			};
			buildConfigurationList = 7F6B3EEF085CE8DF000735A8 /* Build configuration list for PBXProject "RemoteHosts" */;
			compatibilityVersion = "Xcode 2.4";
			developmentRegion = English;
			hasScannedForEncodings = 1;
			knownRegions = (
				English,
				Japanese,
				French,
				German,
			);
			mainGroup = 0259C574FE90428111CA0C5A /* RemoteHosts */;
			projectDirPath = "";
			projectRoot = "";
			targets = (
				8D1AC9600486D14A00FE50C9 /* RemoteHosts */,
			);
		};
/* End PBXProject section */

/* Begin PBXResourcesBuildPhase section */
		8D1AC9660486D14A00FE50C9 /* Resources */ = {
			isa = PBXResourcesBuildPhase;
			buildActionMask = 2147483647;
			files = (
				D44D8099149A467C002EA077 /* Common.xcconfig in Resources */,
				D44D809A149A467C002EA077 /* Debug.xcconfig in Resources */,
				D44D809B149A467C002EA077 /* Developer.xcconfig in Resources */,
				D44D809C149A467C002EA077 /* QSPlugIn.xcconfig in Resources */,
				D44D809D149A467C002EA077 /* QSPlugIn_Debug.xcconfig in Resources */,
				D44D809E149A467C002EA077 /* QSPlugIn_Release.xcconfig in Resources */,
				D44D809F149A467C002EA077 /* Release.xcconfig in Resources */,
				D4E8AC3F150108A4006B2D89 /* RemoteHostsPrefPane.xib in Resources */,
				D461350115013163001B0814 /* QSRemoteHostsSource.xib in Resources */,
				D4A4D7CD15094C8100A44C3C /* QSObjectSource.name.strings in Resources */,
			);
			runOnlyForDeploymentPostprocessing = 0;
		};
/* End PBXResourcesBuildPhase section */

/* Begin PBXShellScriptBuildPhase section */
		E1022B2806B3475D00299BEC /* ShellScript */ = {
			isa = PBXShellScriptBuildPhase;
			buildActionMask = 8;
			files = (
			);
			inputPaths = (
			);
			outputPaths = (
			);
			runOnlyForDeploymentPostprocessing = 1;
			shellPath = /bin/sh;
			shellScript = "$SRCROOT/bltrversion $INFOPLIST_FILE";
		};
/* End PBXShellScriptBuildPhase section */

/* Begin PBXSourcesBuildPhase section */
		8D1AC96A0486D14A00FE50C9 /* Sources */ = {
			isa = PBXSourcesBuildPhase;
			buildActionMask = 2147483647;
			files = (
				E1EAB046068128A200774DFF /* RemoteHosts.m in Sources */,
				BBF5817C0B1D9D84003CFF55 /* RemoteHostsAction.m in Sources */,
				BBF581840B1D9DC3003CFF55 /* RemoteHostsSource.m in Sources */,
				D4E8AC4215010C22006B2D89 /* RemoteHostsPrefPane.m in Sources */,
			);
			runOnlyForDeploymentPostprocessing = 0;
		};
/* End PBXSourcesBuildPhase section */

/* Begin XCBuildConfiguration section */
		7F6B3EEC085CE8DF000735A8 /* Debug */ = {
			isa = XCBuildConfiguration;
			baseConfigurationReference = D44D8095149A467C002EA077 /* QSPlugIn_Debug.xcconfig */;
			buildSettings = {
				COPY_PHASE_STRIP = NO;
				FRAMEWORK_SEARCH_PATHS = (
					"$(QS_BUILD_ROOT)/build/Debug",
					/tmp/QS/build/Release,
				);
				GCC_DYNAMIC_NO_PIC = NO;
				GCC_ENABLE_FIX_AND_CONTINUE = YES;
				GCC_GENERATE_DEBUGGING_SYMBOLS = YES;
				GCC_OPTIMIZATION_LEVEL = 0;
				GCC_PRECOMPILE_PREFIX_HEADER = YES;
				GCC_PREFIX_HEADER = RemoteHosts_Prefix.pch;
				INFOPLIST_FILE = Info.plist;
				OTHER_LDFLAGS = "-bundle";
				PRODUCT_NAME = RemoteHosts;
				WRAPPER_EXTENSION = qsplugin;
				ZERO_LINK = YES;
			};
			name = Debug;
		};
		7F6B3EED085CE8DF000735A8 /* Release */ = {
			isa = XCBuildConfiguration;
			baseConfigurationReference = D44D8096149A467C002EA077 /* QSPlugIn_Release.xcconfig */;
			buildSettings = {
				COPY_PHASE_STRIP = YES;
				FRAMEWORK_SEARCH_PATHS = (
					"$(QS_BUILD_ROOT)/build/Release",
					/tmp/QS/build/Release,
				);
				GCC_ENABLE_FIX_AND_CONTINUE = NO;
				GCC_GENERATE_DEBUGGING_SYMBOLS = NO;
				GCC_PRECOMPILE_PREFIX_HEADER = YES;
				GCC_PREFIX_HEADER = RemoteHosts_Prefix.pch;
				INFOPLIST_FILE = Info.plist;
				OTHER_LDFLAGS = "-bundle";
				PRODUCT_NAME = RemoteHosts;
				WRAPPER_EXTENSION = qsplugin;
				ZERO_LINK = NO;
			};
			name = Release;
		};
		7F6B3EF0085CE8DF000735A8 /* Debug */ = {
			isa = XCBuildConfiguration;
			baseConfigurationReference = D44D8092149A467C002EA077 /* Debug.xcconfig */;
			buildSettings = {
			};
			name = Debug;
		};
		7F6B3EF1085CE8DF000735A8 /* Release */ = {
			isa = XCBuildConfiguration;
			baseConfigurationReference = D44D8098149A467C002EA077 /* Release.xcconfig */;
			buildSettings = {
			};
			name = Release;
		};
/* End XCBuildConfiguration section */

/* Begin XCConfigurationList section */
		7F6B3EEB085CE8DF000735A8 /* Build configuration list for PBXNativeTarget "RemoteHosts" */ = {
			isa = XCConfigurationList;
			buildConfigurations = (
				7F6B3EEC085CE8DF000735A8 /* Debug */,
				7F6B3EED085CE8DF000735A8 /* Release */,
			);
			defaultConfigurationIsVisible = 0;
			defaultConfigurationName = Release;
		};
		7F6B3EEF085CE8DF000735A8 /* Build configuration list for PBXProject "RemoteHosts" */ = {
			isa = XCConfigurationList;
			buildConfigurations = (
				7F6B3EF0085CE8DF000735A8 /* Debug */,
				7F6B3EF1085CE8DF000735A8 /* Release */,
			);
			defaultConfigurationIsVisible = 0;
			defaultConfigurationName = Release;
		};
/* End XCConfigurationList section */
	};
	rootObject = 0259C573FE90428111CA0C5A /* Project object */;
}
