// !$*UTF8*$!
{
	archiveVersion = 1;
	classes = {
	};
	objectVersion = 46;
	objects = {

/* Begin PBXBuildFile section */
		857EFB691BE6C71D00ABFBB3 /* SSHConfigSource.m in Sources */ = {isa = PBXBuildFile; fileRef = 857EFB681BE6C71D00ABFBB3 /* SSHConfigSource.m */; };
		8D1AC9700486D14A00FE50C9 /* Cocoa.framework in Frameworks */ = {isa = PBXBuildFile; fileRef = DD92D38A0106425D02CA0E72 /* Cocoa.framework */; };
		BBF5817C0B1D9D84003CFF55 /* RemoteHostsAction.m in Sources */ = {isa = PBXBuildFile; fileRef = BBF5817B0B1D9D84003CFF55 /* RemoteHostsAction.m */; };
		BBF581840B1D9DC3003CFF55 /* RemoteHostsSource.m in Sources */ = {isa = PBXBuildFile; fileRef = BBF581830B1D9DC3003CFF55 /* RemoteHostsSource.m */; };
		D461350115013163001B0814 /* QSRemoteHostsSource.xib in Resources */ = {isa = PBXBuildFile; fileRef = D461350015013163001B0814 /* QSRemoteHostsSource.xib */; };
		D486258418B4646B00D8CAE4 /* bsd.png in Resources */ = {isa = PBXBuildFile; fileRef = D486257818B4646B00D8CAE4 /* bsd.png */; };
		D486258518B4646B00D8CAE4 /* debian.png in Resources */ = {isa = PBXBuildFile; fileRef = D486257918B4646B00D8CAE4 /* debian.png */; };
		D486258618B4646B00D8CAE4 /* fedora.png in Resources */ = {isa = PBXBuildFile; fileRef = D486257A18B4646B00D8CAE4 /* fedora.png */; };
		D486258718B4646B00D8CAE4 /* gentoo.png in Resources */ = {isa = PBXBuildFile; fileRef = D486257B18B4646B00D8CAE4 /* gentoo.png */; };
		D486258818B4646B00D8CAE4 /* netbsd.png in Resources */ = {isa = PBXBuildFile; fileRef = D486257C18B4646B00D8CAE4 /* netbsd.png */; };
		D486258918B4646B00D8CAE4 /* opensuse.png in Resources */ = {isa = PBXBuildFile; fileRef = D486257D18B4646B00D8CAE4 /* opensuse.png */; };
		D486258A18B4646B00D8CAE4 /* redhat.png in Resources */ = {isa = PBXBuildFile; fileRef = D486257E18B4646B00D8CAE4 /* redhat.png */; };
		D486258B18B4646B00D8CAE4 /* solaris.png in Resources */ = {isa = PBXBuildFile; fileRef = D486257F18B4646B00D8CAE4 /* solaris.png */; };
		D486258C18B4646B00D8CAE4 /* suse.png in Resources */ = {isa = PBXBuildFile; fileRef = D486258018B4646B00D8CAE4 /* suse.png */; };
		D486258D18B4646B00D8CAE4 /* ubuntu.png in Resources */ = {isa = PBXBuildFile; fileRef = D486258118B4646B00D8CAE4 /* ubuntu.png */; };
		D486258E18B4646B00D8CAE4 /* unix-linux.png in Resources */ = {isa = PBXBuildFile; fileRef = D486258218B4646B00D8CAE4 /* unix-linux.png */; };
		D486258F18B4646B00D8CAE4 /* windows.png in Resources */ = {isa = PBXBuildFile; fileRef = D486258318B4646B00D8CAE4 /* windows.png */; };
		D4A4D7CD15094C8100A44C3C /* QSObjectSource.name.strings in Resources */ = {isa = PBXBuildFile; fileRef = D4A4D7CC15094C8100A44C3C /* QSObjectSource.name.strings */; };
		D4D686261A840DC700E082E0 /* SSHKeySource.m in Sources */ = {isa = PBXBuildFile; fileRef = D4D686251A840DC700E082E0 /* SSHKeySource.m */; };
		D4E8AC3F150108A4006B2D89 /* RemoteHostsPrefPane.xib in Resources */ = {isa = PBXBuildFile; fileRef = D4E8AC3E150108A4006B2D89 /* RemoteHostsPrefPane.xib */; };
		D4E8AC4215010C22006B2D89 /* RemoteHostsPrefPane.m in Sources */ = {isa = PBXBuildFile; fileRef = D4E8AC4115010C22006B2D89 /* RemoteHostsPrefPane.m */; };
/* End PBXBuildFile section */

/* Begin PBXFileReference section */
		857EFB671BE6C71D00ABFBB3 /* SSHConfigSource.h */ = {isa = PBXFileReference; fileEncoding = 4; lastKnownFileType = sourcecode.c.h; path = SSHConfigSource.h; sourceTree = "<group>"; };
		857EFB681BE6C71D00ABFBB3 /* SSHConfigSource.m */ = {isa = PBXFileReference; fileEncoding = 4; lastKnownFileType = sourcecode.c.objc; path = SSHConfigSource.m; sourceTree = "<group>"; };
		8D1AC9730486D14A00FE50C9 /* Info.plist */ = {isa = PBXFileReference; fileEncoding = 4; lastKnownFileType = text.plist; path = Info.plist; sourceTree = "<group>"; };
		8D1AC9740486D14A00FE50C9 /* Remote Hosts Plugin.qsplugin */ = {isa = PBXFileReference; explicitFileType = wrapper.cfbundle; includeInIndex = 0; path = "Remote Hosts Plugin.qsplugin"; sourceTree = BUILT_PRODUCTS_DIR; };
		BBF5817A0B1D9D84003CFF55 /* RemoteHostsAction.h */ = {isa = PBXFileReference; fileEncoding = 4; lastKnownFileType = sourcecode.c.h; path = RemoteHostsAction.h; sourceTree = "<group>"; };
		BBF5817B0B1D9D84003CFF55 /* RemoteHostsAction.m */ = {isa = PBXFileReference; fileEncoding = 4; lastKnownFileType = sourcecode.c.objc; path = RemoteHostsAction.m; sourceTree = "<group>"; };
		BBF581820B1D9DC3003CFF55 /* RemoteHostsSource.h */ = {isa = PBXFileReference; fileEncoding = 4; lastKnownFileType = sourcecode.c.h; path = RemoteHostsSource.h; sourceTree = "<group>"; };
		BBF581830B1D9DC3003CFF55 /* RemoteHostsSource.m */ = {isa = PBXFileReference; fileEncoding = 4; lastKnownFileType = sourcecode.c.objc; path = RemoteHostsSource.m; sourceTree = "<group>"; };
		D44D8091149A467C002EA077 /* Common.xcconfig */ = {isa = PBXFileReference; fileEncoding = 4; lastKnownFileType = text.xcconfig; name = Common.xcconfig; path = /private/tmp/QS/Configuration/Common.xcconfig; sourceTree = "<absolute>"; };
		D44D8092149A467C002EA077 /* Debug.xcconfig */ = {isa = PBXFileReference; fileEncoding = 4; lastKnownFileType = text.xcconfig; name = Debug.xcconfig; path = /private/tmp/QS/Configuration/Debug.xcconfig; sourceTree = "<absolute>"; };
		D44D8093149A467C002EA077 /* Developer.xcconfig */ = {isa = PBXFileReference; fileEncoding = 4; lastKnownFileType = text.xcconfig; name = Developer.xcconfig; path = /private/tmp/QS/Configuration/Developer.xcconfig; sourceTree = "<absolute>"; };
		D44D8094149A467C002EA077 /* QSPlugIn.xcconfig */ = {isa = PBXFileReference; fileEncoding = 4; lastKnownFileType = text.xcconfig; name = QSPlugIn.xcconfig; path = /private/tmp/QS/Configuration/QSPlugIn.xcconfig; sourceTree = "<absolute>"; };
		D44D8097149A467C002EA077 /* Quicksilver.pch */ = {isa = PBXFileReference; fileEncoding = 4; lastKnownFileType = sourcecode.c.h; name = Quicksilver.pch; path = /private/tmp/QS/Configuration/Quicksilver.pch; sourceTree = "<absolute>"; };
		D44D8098149A467C002EA077 /* Release.xcconfig */ = {isa = PBXFileReference; fileEncoding = 4; lastKnownFileType = text.xcconfig; name = Release.xcconfig; path = /private/tmp/QS/Configuration/Release.xcconfig; sourceTree = "<absolute>"; };
		D461350015013163001B0814 /* QSRemoteHostsSource.xib */ = {isa = PBXFileReference; fileEncoding = 4; lastKnownFileType = file.xib; path = QSRemoteHostsSource.xib; sourceTree = "<group>"; };
		D486257818B4646B00D8CAE4 /* bsd.png */ = {isa = PBXFileReference; lastKnownFileType = image.png; path = bsd.png; sourceTree = "<group>"; };
		D486257918B4646B00D8CAE4 /* debian.png */ = {isa = PBXFileReference; lastKnownFileType = image.png; path = debian.png; sourceTree = "<group>"; };
		D486257A18B4646B00D8CAE4 /* fedora.png */ = {isa = PBXFileReference; lastKnownFileType = image.png; path = fedora.png; sourceTree = "<group>"; };
		D486257B18B4646B00D8CAE4 /* gentoo.png */ = {isa = PBXFileReference; lastKnownFileType = image.png; path = gentoo.png; sourceTree = "<group>"; };
		D486257C18B4646B00D8CAE4 /* netbsd.png */ = {isa = PBXFileReference; lastKnownFileType = image.png; path = netbsd.png; sourceTree = "<group>"; };
		D486257D18B4646B00D8CAE4 /* opensuse.png */ = {isa = PBXFileReference; lastKnownFileType = image.png; path = opensuse.png; sourceTree = "<group>"; };
		D486257E18B4646B00D8CAE4 /* redhat.png */ = {isa = PBXFileReference; lastKnownFileType = image.png; path = redhat.png; sourceTree = "<group>"; };
		D486257F18B4646B00D8CAE4 /* solaris.png */ = {isa = PBXFileReference; lastKnownFileType = image.png; path = solaris.png; sourceTree = "<group>"; };
		D486258018B4646B00D8CAE4 /* suse.png */ = {isa = PBXFileReference; lastKnownFileType = image.png; path = suse.png; sourceTree = "<group>"; };
		D486258118B4646B00D8CAE4 /* ubuntu.png */ = {isa = PBXFileReference; lastKnownFileType = image.png; path = ubuntu.png; sourceTree = "<group>"; };
		D486258218B4646B00D8CAE4 /* unix-linux.png */ = {isa = PBXFileReference; lastKnownFileType = image.png; path = "unix-linux.png"; sourceTree = "<group>"; };
		D486258318B4646B00D8CAE4 /* windows.png */ = {isa = PBXFileReference; lastKnownFileType = image.png; path = windows.png; sourceTree = "<group>"; };
		D4A4D7CC15094C8100A44C3C /* QSObjectSource.name.strings */ = {isa = PBXFileReference; fileEncoding = 4; lastKnownFileType = text.plist.strings; path = QSObjectSource.name.strings; sourceTree = "<group>"; };
		D4D686241A840DC700E082E0 /* SSHKeySource.h */ = {isa = PBXFileReference; fileEncoding = 4; lastKnownFileType = sourcecode.c.h; path = SSHKeySource.h; sourceTree = "<group>"; };
		D4D686251A840DC700E082E0 /* SSHKeySource.m */ = {isa = PBXFileReference; fileEncoding = 4; lastKnownFileType = sourcecode.c.objc; path = SSHKeySource.m; sourceTree = "<group>"; };
		D4E8AC3E150108A4006B2D89 /* RemoteHostsPrefPane.xib */ = {isa = PBXFileReference; fileEncoding = 4; lastKnownFileType = file.xib; path = RemoteHostsPrefPane.xib; sourceTree = "<group>"; };
		D4E8AC4015010C22006B2D89 /* RemoteHostsPrefPane.h */ = {isa = PBXFileReference; fileEncoding = 4; lastKnownFileType = sourcecode.c.h; path = RemoteHostsPrefPane.h; sourceTree = "<group>"; };
		D4E8AC4115010C22006B2D89 /* RemoteHostsPrefPane.m */ = {isa = PBXFileReference; fileEncoding = 4; lastKnownFileType = sourcecode.c.objc; path = RemoteHostsPrefPane.m; sourceTree = "<group>"; };
		DD92D38A0106425D02CA0E72 /* Cocoa.framework */ = {isa = PBXFileReference; lastKnownFileType = wrapper.framework; name = Cocoa.framework; path = /System/Library/Frameworks/Cocoa.framework; sourceTree = "<absolute>"; };
		E1EAB047068128A800774DFF /* RemoteHosts.h */ = {isa = PBXFileReference; fileEncoding = 30; lastKnownFileType = sourcecode.c.h; path = RemoteHosts.h; sourceTree = "<group>"; };
/* End PBXFileReference section */

/* Begin PBXFrameworksBuildPhase section */
		8D1AC96E0486D14A00FE50C9 /* Frameworks */ = {
			isa = PBXFrameworksBuildPhase;
			buildActionMask = 2147483647;
			files = (
				8D1AC9700486D14A00FE50C9 /* Cocoa.framework in Frameworks */,
			);
			runOnlyForDeploymentPostprocessing = 0;
		};
/* End PBXFrameworksBuildPhase section */

/* Begin PBXGroup section */
		0259C574FE90428111CA0C5A /* RemoteHosts */ = {
			isa = PBXGroup;
			children = (
				D44D8090149A467C002EA077 /* Configuration */,
				32DBCF9E0370C38000C91783 /* Classes */,
				0259C582FE90428111CA0C5A /* Resources */,
				1ED78706FE9D4A0611CA0C5A /* Products */,
				2E58F364FFB232C311CA0CBA /* Frameworks */,
			);
			name = RemoteHosts;
			sourceTree = "<group>";
		};
		0259C582FE90428111CA0C5A /* Resources */ = {
			isa = PBXGroup;
			children = (
				D4A4D7CC15094C8100A44C3C /* QSObjectSource.name.strings */,
				8D1AC9730486D14A00FE50C9 /* Info.plist */,
				D4E8AC3E150108A4006B2D89 /* RemoteHostsPrefPane.xib */,
				D461350015013163001B0814 /* QSRemoteHostsSource.xib */,
				D486257718B4646B00D8CAE4 /* Images */,
			);
			name = Resources;
			sourceTree = "<group>";
		};
		1ED78706FE9D4A0611CA0C5A /* Products */ = {
			isa = PBXGroup;
			children = (
				8D1AC9740486D14A00FE50C9 /* Remote Hosts Plugin.qsplugin */,
			);
			name = Products;
			sourceTree = "<group>";
		};
		2E58F364FFB232C311CA0CBA /* Frameworks */ = {
			isa = PBXGroup;
			children = (
				DD92D38A0106425D02CA0E72 /* Cocoa.framework */,
			);
			name = Frameworks;
			sourceTree = "<group>";
		};
		32DBCF9E0370C38000C91783 /* Classes */ = {
			isa = PBXGroup;
			children = (
				BBF5817A0B1D9D84003CFF55 /* RemoteHostsAction.h */,
				BBF5817B0B1D9D84003CFF55 /* RemoteHostsAction.m */,
				E1EAB047068128A800774DFF /* RemoteHosts.h */,
				BBF581820B1D9DC3003CFF55 /* RemoteHostsSource.h */,
				BBF581830B1D9DC3003CFF55 /* RemoteHostsSource.m */,
				D4E8AC4015010C22006B2D89 /* RemoteHostsPrefPane.h */,
				D4E8AC4115010C22006B2D89 /* RemoteHostsPrefPane.m */,
				D4D686241A840DC700E082E0 /* SSHKeySource.h */,
				D4D686251A840DC700E082E0 /* SSHKeySource.m */,
				857EFB671BE6C71D00ABFBB3 /* SSHConfigSource.h */,
				857EFB681BE6C71D00ABFBB3 /* SSHConfigSource.m */,
			);
			name = Classes;
			sourceTree = "<group>";
		};
		D44D8090149A467C002EA077 /* Configuration */ = {
			isa = PBXGroup;
			children = (
				D44D8091149A467C002EA077 /* Common.xcconfig */,
				D44D8092149A467C002EA077 /* Debug.xcconfig */,
				D44D8093149A467C002EA077 /* Developer.xcconfig */,
				D44D8094149A467C002EA077 /* QSPlugIn.xcconfig */,
				D44D8097149A467C002EA077 /* Quicksilver.pch */,
				D44D8098149A467C002EA077 /* Release.xcconfig */,
			);
			name = Configuration;
			path = ../../../../../../private/tmp/QS/Configuration;
			sourceTree = "<group>";
		};
		D486257718B4646B00D8CAE4 /* Images */ = {
			isa = PBXGroup;
			children = (
				D486257818B4646B00D8CAE4 /* bsd.png */,
				D486257918B4646B00D8CAE4 /* debian.png */,
				D486257A18B4646B00D8CAE4 /* fedora.png */,
				D486257B18B4646B00D8CAE4 /* gentoo.png */,
				D486257C18B4646B00D8CAE4 /* netbsd.png */,
				D486257D18B4646B00D8CAE4 /* opensuse.png */,
				D486257E18B4646B00D8CAE4 /* redhat.png */,
				D486257F18B4646B00D8CAE4 /* solaris.png */,
				D486258018B4646B00D8CAE4 /* suse.png */,
				D486258118B4646B00D8CAE4 /* ubuntu.png */,
				D486258218B4646B00D8CAE4 /* unix-linux.png */,
				D486258318B4646B00D8CAE4 /* windows.png */,
			);
			path = Images;
			sourceTree = "<group>";
		};
/* End PBXGroup section */

/* Begin PBXNativeTarget section */
		8D1AC9600486D14A00FE50C9 /* Remote Hosts Plugin */ = {
			isa = PBXNativeTarget;
			buildConfigurationList = 7F6B3EEB085CE8DF000735A8 /* Build configuration list for PBXNativeTarget "Remote Hosts Plugin" */;
			buildPhases = (
				E1022B2806B3475D00299BEC /* Update Version and Documentation */,
				8D1AC9660486D14A00FE50C9 /* Resources */,
				8D1AC96A0486D14A00FE50C9 /* Sources */,
				8D1AC96E0486D14A00FE50C9 /* Frameworks */,
			);
			buildRules = (
			);
			dependencies = (
			);
			name = "Remote Hosts Plugin";
			productInstallPath = "$(HOME)/Developer/Palettes";
			productName = RemoteHosts;
			productReference = 8D1AC9740486D14A00FE50C9 /* Remote Hosts Plugin.qsplugin */;
			productType = "com.apple.product-type.bundle";
		};
/* End PBXNativeTarget section */

/* Begin PBXProject section */
		0259C573FE90428111CA0C5A /* Project object */ = {
			isa = PBXProject;
			attributes = {
				BuildIndependentTargetsInParallel = NO;
				LastUpgradeCheck = 0710;
				ORGANIZATIONNAME = "Skurfers' Alliance";
			};
			buildConfigurationList = 7F6B3EEF085CE8DF000735A8 /* Build configuration list for PBXProject "RemoteHosts" */;
			compatibilityVersion = "Xcode 3.2";
			developmentRegion = English;
			hasScannedForEncodings = 1;
			knownRegions = (
				English,
				Japanese,
				French,
				German,
			);
			mainGroup = 0259C574FE90428111CA0C5A /* RemoteHosts */;
			projectDirPath = "";
			projectRoot = "";
			targets = (
				8D1AC9600486D14A00FE50C9 /* Remote Hosts Plugin */,
			);
		};
/* End PBXProject section */

/* Begin PBXResourcesBuildPhase section */
		8D1AC9660486D14A00FE50C9 /* Resources */ = {
			isa = PBXResourcesBuildPhase;
			buildActionMask = 2147483647;
			files = (
				D4E8AC3F150108A4006B2D89 /* RemoteHostsPrefPane.xib in Resources */,
				D461350115013163001B0814 /* QSRemoteHostsSource.xib in Resources */,
				D4A4D7CD15094C8100A44C3C /* QSObjectSource.name.strings in Resources */,
				D486258418B4646B00D8CAE4 /* bsd.png in Resources */,
				D486258618B4646B00D8CAE4 /* fedora.png in Resources */,
				D486258A18B4646B00D8CAE4 /* redhat.png in Resources */,
				D486258818B4646B00D8CAE4 /* netbsd.png in Resources */,
				D486258718B4646B00D8CAE4 /* gentoo.png in Resources */,
				D486258D18B4646B00D8CAE4 /* ubuntu.png in Resources */,
				D486258918B4646B00D8CAE4 /* opensuse.png in Resources */,
				D486258E18B4646B00D8CAE4 /* unix-linux.png in Resources */,
				D486258F18B4646B00D8CAE4 /* windows.png in Resources */,
				D486258B18B4646B00D8CAE4 /* solaris.png in Resources */,
				D486258518B4646B00D8CAE4 /* debian.png in Resources */,
				D486258C18B4646B00D8CAE4 /* suse.png in Resources */,
			);
			runOnlyForDeploymentPostprocessing = 0;
		};
/* End PBXResourcesBuildPhase section */

/* Begin PBXShellScriptBuildPhase section */
		E1022B2806B3475D00299BEC /* Update Version and Documentation */ = {
			isa = PBXShellScriptBuildPhase;
			buildActionMask = 12;
			files = (
			);
			inputPaths = (
			);
			name = "Update Version and Documentation";
			outputPaths = (
			);
			runOnlyForDeploymentPostprocessing = 0;
			shellPath = /bin/sh;
			shellScript = "\"$QS_BUILD_ROOT/Tools/bltrversion\"";
		};
/* End PBXShellScriptBuildPhase section */

/* Begin PBXSourcesBuildPhase section */
		8D1AC96A0486D14A00FE50C9 /* Sources */ = {
			isa = PBXSourcesBuildPhase;
			buildActionMask = 2147483647;
			files = (
				BBF5817C0B1D9D84003CFF55 /* RemoteHostsAction.m in Sources */,
				D4D686261A840DC700E082E0 /* SSHKeySource.m in Sources */,
				BBF581840B1D9DC3003CFF55 /* RemoteHostsSource.m in Sources */,
				857EFB691BE6C71D00ABFBB3 /* SSHConfigSource.m in Sources */,
				D4E8AC4215010C22006B2D89 /* RemoteHostsPrefPane.m in Sources */,
			);
			runOnlyForDeploymentPostprocessing = 0;
		};
/* End PBXSourcesBuildPhase section */

/* Begin XCBuildConfiguration section */
		7F6B3EEC085CE8DF000735A8 /* Debug */ = {
			isa = XCBuildConfiguration;
			baseConfigurationReference = D44D8094149A467C002EA077 /* QSPlugIn.xcconfig */;
			buildSettings = {
				COMBINE_HIDPI_IMAGES = YES;
				GCC_ENABLE_FIX_AND_CONTINUE = YES;
			};
			name = Debug;
		};
		7F6B3EED085CE8DF000735A8 /* Release */ = {
			isa = XCBuildConfiguration;
			baseConfigurationReference = D44D8094149A467C002EA077 /* QSPlugIn.xcconfig */;
			buildSettings = {
				COMBINE_HIDPI_IMAGES = YES;
				GCC_ENABLE_FIX_AND_CONTINUE = NO;
			};
			name = Release;
		};
		7F6B3EF0085CE8DF000735A8 /* Debug */ = {
			isa = XCBuildConfiguration;
			baseConfigurationReference = D44D8092149A467C002EA077 /* Debug.xcconfig */;
			buildSettings = {
				ENABLE_TESTABILITY = YES;
				ONLY_ACTIVE_ARCH = YES;
			};
			name = Debug;
		};
		7F6B3EF1085CE8DF000735A8 /* Release */ = {
			isa = XCBuildConfiguration;
			baseConfigurationReference = D44D8098149A467C002EA077 /* Release.xcconfig */;
			buildSettings = {
				PRODUCT_NAME = ttt;
			};
			name = Release;
		};
/* End XCBuildConfiguration section */

/* Begin XCConfigurationList section */
		7F6B3EEB085CE8DF000735A8 /* Build configuration list for PBXNativeTarget "Remote Hosts Plugin" */ = {
			isa = XCConfigurationList;
			buildConfigurations = (
				7F6B3EEC085CE8DF000735A8 /* Debug */,
				7F6B3EED085CE8DF000735A8 /* Release */,
			);
			defaultConfigurationIsVisible = 0;
			defaultConfigurationName = Release;
		};
		7F6B3EEF085CE8DF000735A8 /* Build configuration list for PBXProject "RemoteHosts" */ = {
			isa = XCConfigurationList;
			buildConfigurations = (
				7F6B3EF0085CE8DF000735A8 /* Debug */,
				7F6B3EF1085CE8DF000735A8 /* Release */,
			);
			defaultConfigurationIsVisible = 0;
			defaultConfigurationName = Release;
		};
/* End XCConfigurationList section */
	};
	rootObject = 0259C573FE90428111CA0C5A /* Project object */;
}
